
Microsoft Visual Studio Solution File, Format Version 12.00
Project("{FAE04EC0-301F-11D3-BF4B-00C04F79EFBC}") = "ExtendedHubClient.Abstractions", "ExtendedHubClient.Abstractions\ExtendedHubClient.Abstractions.csproj", "{2482D309-29F9-4B68-95ED-BB174265869F}"
EndProject
Project("{FAE04EC0-301F-11D3-BF4B-00C04F79EFBC}") = "ExtendedHubClient", "ExtendedHubClient\ExtendedHubClient.csproj", "{A849EA04-2990-4F5A-A9A0-10AA3E4C8C1E}"
EndProject
Global
	GlobalSection(SolutionConfigurationPlatforms) = preSolution
		Debug|Any CPU = Debug|Any CPU
		Release|Any CPU = Release|Any CPU
	EndGlobalSection
	GlobalSection(ProjectConfigurationPlatforms) = postSolution
		{A849EA04-2990-4F5A-A9A0-10AA3E4C8C1E}.Release|Any CPU.ActiveCfg = Release|Any CPU
		{A849EA04-2990-4F5A-A9A0-10AA3E4C8C1E}.Release|Any CPU.Build.0 = Release|Any CPU
		{A849EA04-2990-4F5A-A9A0-10AA3E4C8C1E}.Release|Any CPU.Deploy.0 = Release|Any CPU
		{2482D309-29F9-4B68-95ED-BB174265869F}.Release|Any CPU.ActiveCfg = Release|Any CPU
		{2482D309-29F9-4B68-95ED-BB174265869F}.Release|Any CPU.Build.0 = Release|Any CPU
		{2482D309-29F9-4B68-95ED-BB174265869F}.Release|Any CPU.Deploy.0 = Release|Any CPU
	EndGlobalSection
EndGlobal
